
Microsoft Visual Studio Solution File, Format Version 12.00
# Visual Studio Version 17
VisualStudioVersion = 17.2.32616.157
MinimumVisualStudioVersion = 10.0.40219.1
Project("{9A19103F-16F7-4668-BE54-9A1E7A4F7556}") = "CodeGen", "CodeGen.csproj", "{7B73CA4D-2C8C-45CB-B335-B81299836703}"
EndProject
Global
	GlobalSection(SolutionConfigurationPlatforms) = preSolution
		Debug|Any CPU = Debug|Any CPU
		Release|Any CPU = Release|Any CPU
	EndGlobalSection
	GlobalSection(ProjectConfigurationPlatforms) = postSolution
		{7B73CA4D-2C8C-45CB-B335-B81299836703}.Debug|Any CPU.ActiveCfg = Debug|Any CPU
		{7B73CA4D-2C8C-45CB-B335-B81299836703}.Debug|Any CPU.Build.0 = Debug|Any CPU
		{7B73CA4D-2C8C-45CB-B335-B81299836703}.Release|Any CPU.ActiveCfg = Release|Any CPU
		{7B73CA4D-2C8C-45CB-B335-B81299836703}.Release|Any CPU.Build.0 = Release|Any CPU
	EndGlobalSection
	GlobalSection(SolutionProperties) = preSolution
		HideSolutionNode = FALSE
	EndGlobalSection
	GlobalSection(ExtensibilityGlobals) = postSolution
		SolutionGuid = {98111A29-413E-4269-BDA5-0DB01223D61C}
	EndGlobalSection
EndGlobal
